# This file is automatically @generated by Wally.
# It is not intended for manual editing.
registry = "test"

[[package]]
name = "alicesaidhi/conch"
version = "0.3.1"
dependencies = [["language", "alicesaidhi/conch-language@0.3.1"]]

[[package]]
name = "alicesaidhi/conch-language"
version = "0.3.1"
dependencies = []

[[package]]
name = "alicesaidhi/conch-ui"
version = "0.3.1"
dependencies = [["conch", "alicesaidhi/conch@0.3.1"], ["language", "alicesaidhi/conch-language@0.3.1"], ["vide", "centau/vide@0.3.1"]]

[[package]]
name = "ayrezrblx/replica"
version = "0.1.9"
dependencies = []

[[package]]
name = "brittonfischer/camerashaker"
version = "0.1.0"
dependencies = []

[[package]]
name = "centau/vide"
version = "0.3.1"
dependencies = []

[[package]]
name = "cheetiedotpy/wcs"
version = "2.5.0"
dependencies = []

[[package]]
name = "evaera/promise"
version = "4.0.0"
dependencies = []

[[package]]
name = "farukcoskn/trove"
version = "1.0.1"
dependencies = []

[[package]]
name = "flamenco687/maid"
version = "3.2.2"
dependencies = []

[[package]]
name = "flashyi/boilerplate"
version = "0.1.0"
dependencies = [["Promise", "evaera/promise@4.0.0"], ["Signal", "sleitnick/signal@2.0.3"], ["camerashaker", "brittonfischer/camerashaker@0.1.0"], ["charm", "neohertz/charm@0.11.0"], ["conch", "alicesaidhi/conch@0.3.1"], ["conch_ui", "alicesaidhi/conch-ui@0.3.1"], ["dataservice", "leifstout/dataservice@0.4.0"], ["debug", "howmanysmall/debug@1.0.1"], ["hitbox", "flashyiii/hitbox@0.0.5"], ["maid", "flamenco687/maid@3.2.2"], ["networker", "leifstout/networker@0.3.0"], ["observer", "tazmondo/observer@0.3.4"], ["refx", "wad4444/refx@0.3.3"], ["replica", "ayrezrblx/replica@0.1.9"], ["ripple", "littensy/ripple@0.9.3"], ["swagtext", "flashyiii/swagtext@0.1.0"], ["trove", "farukcoskn/trove@1.0.1"], ["wcs", "cheetiedotpy/wcs@2.5.0"], ["zoneplus", "mattschrubb/zoneplus@3.2.0"]]

[[package]]
name = "flashyiii/hitbox"
version = "0.0.5"
dependencies = []

[[package]]
name = "flashyiii/swagtext"
version = "0.1.0"
dependencies = []

[[package]]
name = "howmanysmall/debug"
version = "1.0.1"
dependencies = []

[[package]]
name = "howmanysmall/janitor"
version = "1.18.3"
dependencies = [["Promise", "howmanysmall/typed-promise@4.0.6"]]

[[package]]
name = "howmanysmall/typed-promise"
version = "4.0.6"
dependencies = [["Promise", "evaera/promise@4.0.0"]]

[[package]]
name = "leifstout/dataservice"
version = "0.4.0"
dependencies = [["Janitor", "howmanysmall/janitor@1.18.3"], ["Networker", "leifstout/networker@0.2.1"], ["ProfileStore", "lm-loleris/profilestore@1.0.3"], ["Signal", "sleitnick/signal@2.0.3"]]

[[package]]
name = "leifstout/networker"
version = "0.2.1"
dependencies = [["Signal", "sleitnick/signal@2.0.3"]]

[[package]]
name = "leifstout/networker"
version = "0.3.0"
dependencies = [["Signal", "sleitnick/signal@2.0.3"]]

[[package]]
name = "littensy/remo"
version = "1.5.2"
dependencies = [["Promise", "evaera/promise@4.0.0"]]

[[package]]
name = "littensy/ripple"
version = "0.9.3"
dependencies = [["Promise", "evaera/promise@4.0.0"]]

[[package]]
name = "lm-loleris/profilestore"
version = "1.0.3"
dependencies = []

[[package]]
name = "mattschrubb/zoneplus"
version = "3.2.0"
dependencies = []

[[package]]
name = "neohertz/charm"
version = "0.11.0"
dependencies = []

[[package]]
name = "osyrisrblx/t"
version = "3.1.1"
dependencies = []

[[package]]
name = "sleitnick/signal"
version = "2.0.3"
dependencies = []

[[package]]
name = "tazmondo/observer"
version = "0.3.4"
dependencies = []

[[package]]
name = "wad4444/refx"
version = "0.3.3"
dependencies = [["remo", "littensy/remo@1.5.2"], ["signal", "sleitnick/signal@2.0.3"], ["t", "osyrisrblx/t@3.1.1"]]
